{
  "name": "showcase-drupal",
  "version": "1.0.0",
  "lockfileVersion": 2,
  "requires": true,
  "packages": {
    "": {
      "name": "showcase-drupal",
      "version": "1.0.0",
      "license": "ISC",
      "dependencies": {
        "@videotron-ui/bifrost-front-end-library": "^1.6.0"
      }
    },
    "node_modules/@angular/common": {
      "version": "12.2.16",
      "resolved": "https://registry.npmjs.org/@angular/common/-/common-12.2.16.tgz",
      "integrity": "sha512-FEqTXTEsnbDInqV1yFlm97Tz1OFqZS5t0TUkm8gzXRgpIce/F/jLwAg0u1VQkgOsno6cNm0xTWPoZgu85NI4ug==",
      "peer": true,
      "dependencies": {
        "tslib": "^2.2.0"
      },
      "engines": {
        "node": "^12.14.1 || >=14.0.0"
      },
      "peerDependencies": {
        "@angular/core": "12.2.16",
        "rxjs": "^6.5.3 || ^7.0.0"
      }
    },
    "node_modules/@angular/core": {
      "version": "12.2.16",
      "resolved": "https://registry.npmjs.org/@angular/core/-/core-12.2.16.tgz",
      "integrity": "sha512-jsmvaRdAfng99z2a9mAmkfcsCE1wm+tBYVDxnc5JquSXznwtncjzcoc2X0J0dzrkCDvzFfpTsZ9vehylytBc+A==",
      "peer": true,
      "dependencies": {
        "tslib": "^2.2.0"
      },
      "engines": {
        "node": "^12.14.1 || >=14.0.0"
      },
      "peerDependencies": {
        "rxjs": "^6.5.3 || ^7.0.0",
        "zone.js": "~0.11.4"
      }
    },
    "node_modules/@angular/platform-browser": {
      "version": "12.2.16",
      "resolved": "https://registry.npmjs.org/@angular/platform-browser/-/platform-browser-12.2.16.tgz",
      "integrity": "sha512-T855ppLeQO6hRHi7lGf5fwPoUVt+c0h2rgkV5jHElc3ylaGnhecmZc6fnWLX4pw82TMJUgUV88CY8JCFabJWwg==",
      "peer": true,
      "dependencies": {
        "tslib": "^2.2.0"
      },
      "engines": {
        "node": "^12.14.1 || >=14.0.0"
      },
      "peerDependencies": {
        "@angular/animations": "12.2.16",
        "@angular/common": "12.2.16",
        "@angular/core": "12.2.16"
      },
      "peerDependenciesMeta": {
        "@angular/animations": {
          "optional": true
        }
      }
    },
    "node_modules/@angular/router": {
      "version": "12.2.16",
      "resolved": "https://registry.npmjs.org/@angular/router/-/router-12.2.16.tgz",
      "integrity": "sha512-LuFXSMIvX/VrB4jbYhigG2Y2pGQ9ULsSBUwDWwQCf4kr0eVI37LBJ2Vr74GBEznjgQ0UmWE89E+XYI80UhERTw==",
      "peer": true,
      "dependencies": {
        "tslib": "^2.2.0"
      },
      "engines": {
        "node": "^12.14.1 || >=14.0.0"
      },
      "peerDependencies": {
        "@angular/common": "12.2.16",
        "@angular/core": "12.2.16",
        "@angular/platform-browser": "12.2.16",
        "rxjs": "^6.5.3 || ^7.0.0"
      }
    },
    "node_modules/@videotron-ui/bifrost-front-end-library": {
      "version": "1.6.0",
      "resolved": "https://registry.npmjs.org/@videotron-ui/bifrost-front-end-library/-/bifrost-front-end-library-1.6.0.tgz",
      "integrity": "sha512-pP/S3cB20o7H9Alva6+6Vd2oYVs/PYmrfSQsPuTyWtd3LzFHglTnNJ6auB5l+B8t3VP7t+5FboopbImsDwP7Hg==",
      "dependencies": {
        "tslib": "^1.10.0"
      },
      "peerDependencies": {
        "@angular/common": "^12.2.1",
        "@angular/core": "^12.2.1",
        "@angular/router": "^12.2.1"
      }
    },
    "node_modules/@videotron-ui/bifrost-front-end-library/node_modules/tslib": {
      "version": "1.14.1",
      "resolved": "https://registry.npmjs.org/tslib/-/tslib-1.14.1.tgz",
      "integrity": "sha512-Xni35NKzjgMrwevysHTCArtLDpPvye8zV/0E4EyYn43P7/7qvQwPh9BGkHewbMulVntbigmcT7rdX3BNo9wRJg=="
    },
    "node_modules/rxjs": {
      "version": "7.5.5",
      "resolved": "https://registry.npmjs.org/rxjs/-/rxjs-7.5.5.tgz",
      "integrity": "sha512-sy+H0pQofO95VDmFLzyaw9xNJU4KTRSwQIGM6+iG3SypAtCiLDzpeG8sJrNCWn2Up9km+KhkvTdbkrdy+yzZdw==",
      "peer": true,
      "dependencies": {
        "tslib": "^2.1.0"
      }
    },
    "node_modules/tslib": {
      "version": "2.3.1",
      "resolved": "https://registry.npmjs.org/tslib/-/tslib-2.3.1.tgz",
      "integrity": "sha512-77EbyPPpMz+FRFRuAFlWMtmgUWGe9UOG2Z25NqCwiIjRhOf5iKGuzSe5P2w1laq+FkRy4p+PCuVkJSGkzTEKVw==",
      "peer": true
    },
    "node_modules/zone.js": {
      "version": "0.11.5",
      "resolved": "https://registry.npmjs.org/zone.js/-/zone.js-0.11.5.tgz",
      "integrity": "sha512-D1/7VxEuQ7xk6z/kAROe4SUbd9CzxY4zOwVGnGHerd/SgLIVU5f4esDzQUsOCeArn933BZfWMKydH7l7dPEp0g==",
      "peer": true,
      "dependencies": {
        "tslib": "^2.3.0"
      }
    }
  },
  "dependencies": {
    "@angular/common": {
      "version": "12.2.16",
      "resolved": "https://registry.npmjs.org/@angular/common/-/common-12.2.16.tgz",
      "integrity": "sha512-FEqTXTEsnbDInqV1yFlm97Tz1OFqZS5t0TUkm8gzXRgpIce/F/jLwAg0u1VQkgOsno6cNm0xTWPoZgu85NI4ug==",
      "peer": true,
      "requires": {
        "tslib": "^2.2.0"
      }
    },
    "@angular/core": {
      "version": "12.2.16",
      "resolved": "https://registry.npmjs.org/@angular/core/-/core-12.2.16.tgz",
      "integrity": "sha512-jsmvaRdAfng99z2a9mAmkfcsCE1wm+tBYVDxnc5JquSXznwtncjzcoc2X0J0dzrkCDvzFfpTsZ9vehylytBc+A==",
      "peer": true,
      "requires": {
        "tslib": "^2.2.0"
      }
    },
    "@angular/platform-browser": {
      "version": "12.2.16",
      "resolved": "https://registry.npmjs.org/@angular/platform-browser/-/platform-browser-12.2.16.tgz",
      "integrity": "sha512-T855ppLeQO6hRHi7lGf5fwPoUVt+c0h2rgkV5jHElc3ylaGnhecmZc6fnWLX4pw82TMJUgUV88CY8JCFabJWwg==",
      "peer": true,
      "requires": {
        "tslib": "^2.2.0"
      }
    },
    "@angular/router": {
      "version": "12.2.16",
      "resolved": "https://registry.npmjs.org/@angular/router/-/router-12.2.16.tgz",
      "integrity": "sha512-LuFXSMIvX/VrB4jbYhigG2Y2pGQ9ULsSBUwDWwQCf4kr0eVI37LBJ2Vr74GBEznjgQ0UmWE89E+XYI80UhERTw==",
      "peer": true,
      "requires": {
        "tslib": "^2.2.0"
      }
    },
    "@videotron-ui/bifrost-front-end-library": {
      "version": "1.6.0",
      "resolved": "https://registry.npmjs.org/@videotron-ui/bifrost-front-end-library/-/bifrost-front-end-library-1.6.0.tgz",
      "integrity": "sha512-pP/S3cB20o7H9Alva6+6Vd2oYVs/PYmrfSQsPuTyWtd3LzFHglTnNJ6auB5l+B8t3VP7t+5FboopbImsDwP7Hg==",
      "requires": {
        "tslib": "^1.10.0"
      },
      "dependencies": {
        "tslib": {
          "version": "1.14.1",
          "resolved": "https://registry.npmjs.org/tslib/-/tslib-1.14.1.tgz",
          "integrity": "sha512-Xni35NKzjgMrwevysHTCArtLDpPvye8zV/0E4EyYn43P7/7qvQwPh9BGkHewbMulVntbigmcT7rdX3BNo9wRJg=="
        }
      }
    },
    "rxjs": {
      "version": "7.5.5",
      "resolved": "https://registry.npmjs.org/rxjs/-/rxjs-7.5.5.tgz",
      "integrity": "sha512-sy+H0pQofO95VDmFLzyaw9xNJU4KTRSwQIGM6+iG3SypAtCiLDzpeG8sJrNCWn2Up9km+KhkvTdbkrdy+yzZdw==",
      "peer": true,
      "requires": {
        "tslib": "^2.1.0"
      }
    },
    "tslib": {
      "version": "2.3.1",
      "resolved": "https://registry.npmjs.org/tslib/-/tslib-2.3.1.tgz",
      "integrity": "sha512-77EbyPPpMz+FRFRuAFlWMtmgUWGe9UOG2Z25NqCwiIjRhOf5iKGuzSe5P2w1laq+FkRy4p+PCuVkJSGkzTEKVw==",
      "peer": true
    },
    "zone.js": {
      "version": "0.11.5",
      "resolved": "https://registry.npmjs.org/zone.js/-/zone.js-0.11.5.tgz",
      "integrity": "sha512-D1/7VxEuQ7xk6z/kAROe4SUbd9CzxY4zOwVGnGHerd/SgLIVU5f4esDzQUsOCeArn933BZfWMKydH7l7dPEp0g==",
      "peer": true,
      "requires": {
        "tslib": "^2.3.0"
      }
    }
  }
}
