{
  "name": "showcase-drupal",
  "version": "1.0.0",
  "lockfileVersion": 1,
  "requires": true,
  "dependencies": {
    "@videotron-ui/bifrost-front-end-library": {
      "version": "0.0.8",
      "resolved": "https://registry.npmjs.org/@videotron-ui/bifrost-front-end-library/-/bifrost-front-end-library-0.0.8.tgz",
      "integrity": "sha512-4ydZdt+A4kbGkVDZ2HnW00UvBf4Omnzl8Bw2yxok4oBivNjQTD9QsGqgsYrsQxSysvwT9A3nXVQOGQv8/viYtA==",
      "requires": {
        "tslib": "^1.10.0"
      }
    },
    "tslib": {
      "version": "1.14.1",
      "resolved": "https://registry.npmjs.org/tslib/-/tslib-1.14.1.tgz",
      "integrity": "sha512-Xni35NKzjgMrwevysHTCArtLDpPvye8zV/0E4EyYn43P7/7qvQwPh9BGkHewbMulVntbigmcT7rdX3BNo9wRJg=="
    }
  }
}
