{
  "name": "bifrost-drupal-theme",
  "version": "0.1.0",
  "lockfileVersion": 1,
  "requires": true,
  "dependencies": {
    "bifrost-front-end-library": {
      "version": "0.0.16",
      "resolved": "https://registry.npmjs.org/bifrost-front-end-library/-/bifrost-front-end-library-0.0.16.tgz",
      "integrity": "sha512-1HJwV3qqqllZp7LsQZEYTwtbEg/tFtwhtrrCuKeh8z+j9WzQN/dkd6+4Ec2GOE0e32Xnx2GeffeFSiLUZb6LSA==",
      "requires": {
        "tslib": "^1.10.0"
      }
    },
    "tslib": {
      "version": "1.13.0",
      "resolved": "https://registry.npmjs.org/tslib/-/tslib-1.13.0.tgz",
      "integrity": "sha512-i/6DQjL8Xf3be4K/E6Wgpekn5Qasl1usyw++dAA35Ue5orEn65VIxOA+YvNNl9HV3qv70T7CNwjODHZrLwvd1Q=="
    }
  }
}
